
Microsoft Visual Studio Solution File, Format Version 12.00
# Visual Studio Version 17
VisualStudioVersion = 17.5.33516.290
MinimumVisualStudioVersion = 10.0.40219.1
Project("{FAE04EC0-301F-11D3-BF4B-00C04F79EFBC}") = "WebAppStock", "WebAppStock\WebAppStock.csproj", "{977657F8-1F75-4A63-9225-92C88BAA8B3D}"
EndProject
Global
	GlobalSection(SolutionConfigurationPlatforms) = preSolution
		Debug|Any CPU = Debug|Any CPU
		Release|Any CPU = Release|Any CPU
	EndGlobalSection
	GlobalSection(ProjectConfigurationPlatforms) = postSolution
		{977657F8-1F75-4A63-9225-92C88BAA8B3D}.Debug|Any CPU.ActiveCfg = Debug|Any CPU
		{977657F8-1F75-4A63-9225-92C88BAA8B3D}.Debug|Any CPU.Build.0 = Debug|Any CPU
		{977657F8-1F75-4A63-9225-92C88BAA8B3D}.Release|Any CPU.ActiveCfg = Release|Any CPU
		{977657F8-1F75-4A63-9225-92C88BAA8B3D}.Release|Any CPU.Build.0 = Release|Any CPU
	EndGlobalSection
	GlobalSection(SolutionProperties) = preSolution
		HideSolutionNode = FALSE
	EndGlobalSection
	GlobalSection(ExtensibilityGlobals) = postSolution
		SolutionGuid = {D1C9408C-3D2A-4C15-A1CC-5494018804EB}
	EndGlobalSection
EndGlobal
