
Microsoft Visual Studio Solution File, Format Version 12.00
# Visual Studio Version 17
VisualStudioVersion = 17.2.32630.192
MinimumVisualStudioVersion = 10.0.40219.1
Project("{FAE04EC0-301F-11D3-BF4B-00C04F79EFBC}") = "WinFormsAppAlumnos", "WinFormsAppAlumnos\WinFormsAppAlumnos.csproj", "{7F99DA7D-AC28-4F96-A480-BE3717DB54C5}"
EndProject
Global
	GlobalSection(SolutionConfigurationPlatforms) = preSolution
		Debug|Any CPU = Debug|Any CPU
		Release|Any CPU = Release|Any CPU
	EndGlobalSection
	GlobalSection(ProjectConfigurationPlatforms) = postSolution
		{7F99DA7D-AC28-4F96-A480-BE3717DB54C5}.Debug|Any CPU.ActiveCfg = Debug|Any CPU
		{7F99DA7D-AC28-4F96-A480-BE3717DB54C5}.Debug|Any CPU.Build.0 = Debug|Any CPU
		{7F99DA7D-AC28-4F96-A480-BE3717DB54C5}.Release|Any CPU.ActiveCfg = Release|Any CPU
		{7F99DA7D-AC28-4F96-A480-BE3717DB54C5}.Release|Any CPU.Build.0 = Release|Any CPU
	EndGlobalSection
	GlobalSection(SolutionProperties) = preSolution
		HideSolutionNode = FALSE
	EndGlobalSection
	GlobalSection(ExtensibilityGlobals) = postSolution
		SolutionGuid = {E290DDE0-3DA9-4008-B5B1-E1E2C97D64E6}
	EndGlobalSection
EndGlobal
